# THIS IS AN AUTOGENERATED FILE. DO NOT EDIT THIS FILE DIRECTLY.
# yarn lockfile v1


"@material/animation@^0.25.0":
  version "0.25.0"
  resolved "https://registry.yarnpkg.com/@material/animation/-/animation-0.25.0.tgz#b252ac3d0b628e79a79f0c406d7470fb56352a80"

"@material/auto-init@^0.32.0":
  version "0.32.0"
  resolved "https://registry.yarnpkg.com/@material/auto-init/-/auto-init-0.32.0.tgz#ad9ac459f9ae68e937ebc662778c2dab0b67d2d6"

"@material/base@^0.29.0":
  version "0.29.0"
  resolved "https://registry.yarnpkg.com/@material/base/-/base-0.29.0.tgz#5fac94c45907e38c969130e959722288d4ce06b2"

"@material/button@^0.32.0":
  version "0.32.0"
  resolved "https://registry.yarnpkg.com/@material/button/-/button-0.32.0.tgz#5792b701a8a10dd6052e6d5ef9429d23fbef8a84"
  dependencies:
    "@material/elevation" "^0.28.0"
    "@material/ripple" "^0.32.0"
    "@material/theme" "^0.30.0"
    "@material/typography" "^0.28.0"

"@material/card@^0.32.0":
  version "0.32.0"
  resolved "https://registry.yarnpkg.com/@material/card/-/card-0.32.0.tgz#2e4533a64730dca9754b362b754d7185810a566a"
  dependencies:
    "@material/elevation" "^0.28.0"
    "@material/ripple" "^0.32.0"
    "@material/rtl" "^0.30.0"
    "@material/theme" "^0.30.0"

"@material/checkbox@^0.32.0":
  version "0.32.0"
  resolved "https://registry.yarnpkg.com/@material/checkbox/-/checkbox-0.32.0.tgz#ececf3cf4c49605063211836148278e026591cf0"
  dependencies:
    "@material/animation" "^0.25.0"
    "@material/base" "^0.29.0"
    "@material/ripple" "^0.32.0"
    "@material/rtl" "^0.30.0"
    "@material/selection-control" "^0.32.0"
    "@material/theme" "^0.30.0"

"@material/chips@^0.32.0":
  version "0.32.0"
  resolved "https://registry.yarnpkg.com/@material/chips/-/chips-0.32.0.tgz#276c9ec8cb14b559ef9d201c5813ebaa765e77e7"
  dependencies:
    "@material/base" "^0.29.0"
    "@material/ripple" "^0.32.0"

"@material/dialog@^0.32.0":
  version "0.32.0"
  resolved "https://registry.yarnpkg.com/@material/dialog/-/dialog-0.32.0.tgz#ed104364d6576b3265681bf9d24c21724d8556f7"
  dependencies:
    "@material/animation" "^0.25.0"
    "@material/base" "^0.29.0"
    "@material/elevation" "^0.28.0"
    "@material/ripple" "^0.32.0"
    "@material/rtl" "^0.30.0"
    "@material/theme" "^0.30.0"
    "@material/typography" "^0.1.1"
    focus-trap "^2.3.0"

"@material/drawer@^0.30.0":
  version "0.30.0"
  resolved "https://registry.yarnpkg.com/@material/drawer/-/drawer-0.30.0.tgz#61a4cc9c26e25ad25893646cfeacb2f8a64001bd"
  dependencies:
    "@material/animation" "^0.25.0"
    "@material/base" "^0.29.0"
    "@material/elevation" "^0.28.0"
    "@material/rtl" "^0.30.0"
    "@material/theme" "^0.30.0"
    "@material/typography" "^0.28.0"

"@material/elevation@^0.28.0":
  version "0.28.0"
  resolved "https://registry.yarnpkg.com/@material/elevation/-/elevation-0.28.0.tgz#78d3a551b78100d588c457600733ee1c6fd04501"
  dependencies:
    "@material/animation" "^0.25.0"
    "@material/theme" "^0.4.0"

"@material/fab@^0.32.0":
  version "0.32.0"
  resolved "https://registry.yarnpkg.com/@material/fab/-/fab-0.32.0.tgz#6c236f38226c531ea042c86bdaecb54659f85064"
  dependencies:
    "@material/animation" "^0.25.0"
    "@material/elevation" "^0.28.0"
    "@material/ripple" "^0.32.0"
    "@material/theme" "^0.30.0"

"@material/floating-label@^0.32.0":
  version "0.32.0"
  resolved "https://registry.yarnpkg.com/@material/floating-label/-/floating-label-0.32.0.tgz#983cc24ffdb77285450a0b563ed9731bbe6da2d0"
  dependencies:
    "@material/base" "^0.29.0"
    "@material/rtl" "^0.30.0"
    "@material/theme" "^0.30.0"

"@material/form-field@^0.32.0":
  version "0.32.0"
  resolved "https://registry.yarnpkg.com/@material/form-field/-/form-field-0.32.0.tgz#8a241cf7cdfa3e053171ac21559e0820dd9c9d07"
  dependencies:
    "@material/base" "^0.29.0"
    "@material/rtl" "^0.30.0"
    "@material/selection-control" "^0.32.0"
    "@material/theme" "^0.30.0"
    "@material/typography" "^0.28.0"

"@material/grid-list@^0.30.0":
  version "0.30.0"
  resolved "https://registry.yarnpkg.com/@material/grid-list/-/grid-list-0.30.0.tgz#2cdf1e9355967bbdb357dba374356a09d166d6e3"
  dependencies:
    "@material/base" "^0.29.0"
    "@material/rtl" "^0.30.0"
    "@material/theme" "^0.30.0"
    "@material/typography" "^0.28.0"

"@material/icon-toggle@^0.32.0":
  version "0.32.0"
  resolved "https://registry.yarnpkg.com/@material/icon-toggle/-/icon-toggle-0.32.0.tgz#900bb488a40975b3854f0812a66de09cbff3f200"
  dependencies:
    "@material/animation" "^0.25.0"
    "@material/base" "^0.29.0"
    "@material/ripple" "^0.32.0"
    "@material/theme" "^0.30.0"

"@material/layout-grid@^0.24.0":
  version "0.24.0"
  resolved "https://registry.yarnpkg.com/@material/layout-grid/-/layout-grid-0.24.0.tgz#223d771d755d887807998d96f5996e182ceb640d"

"@material/line-ripple@^0.32.0":
  version "0.32.0"
  resolved "https://registry.yarnpkg.com/@material/line-ripple/-/line-ripple-0.32.0.tgz#d52dadc8912fb937f4a70406c43ff64b3545e80b"
  dependencies:
    "@material/animation" "^0.25.0"
    "@material/base" "^0.29.0"
    "@material/theme" "^0.30.0"

"@material/linear-progress@^0.30.0":
  version "0.30.0"
  resolved "https://registry.yarnpkg.com/@material/linear-progress/-/linear-progress-0.30.0.tgz#0584c329d2a9add0881e5746e1774f0d8fa96753"
  dependencies:
    "@material/animation" "^0.25.0"
    "@material/base" "^0.29.0"
    "@material/theme" "^0.30.0"

"@material/list@^0.32.0":
  version "0.32.0"
  resolved "https://registry.yarnpkg.com/@material/list/-/list-0.32.0.tgz#379a1f4092a10d063aad6bb0593c5537898d9254"
  dependencies:
    "@material/ripple" "^0.32.0"
    "@material/rtl" "^0.30.0"
    "@material/theme" "^0.30.0"
    "@material/typography" "^0.28.0"

"@material/menu@^0.31.0":
  version "0.31.0"
  resolved "https://registry.yarnpkg.com/@material/menu/-/menu-0.31.0.tgz#82732113525384695ac8fd26f11ff2c1dca67d2f"
  dependencies:
    "@material/animation" "^0.25.0"
    "@material/base" "^0.29.0"
    "@material/elevation" "^0.28.0"
    "@material/theme" "^0.30.0"
    "@material/typography" "^0.28.0"

"@material/radio@^0.32.0":
  version "0.32.0"
  resolved "https://registry.yarnpkg.com/@material/radio/-/radio-0.32.0.tgz#ae0c254b504025adc32bdcb191ec0202acbdb294"
  dependencies:
    "@material/animation" "^0.25.0"
    "@material/base" "^0.29.0"
    "@material/ripple" "^0.32.0"
    "@material/selection-control" "^0.32.0"
    "@material/theme" "^0.30.0"

"@material/ripple@^0.32.0":
  version "0.32.0"
  resolved "https://registry.yarnpkg.com/@material/ripple/-/ripple-0.32.0.tgz#ea944a1995dc22d713608cfe6153fda108bceacc"
  dependencies:
    "@material/base" "^0.29.0"
    "@material/theme" "^0.30.0"

"@material/rtl@^0.30.0":
  version "0.30.0"
  resolved "https://registry.yarnpkg.com/@material/rtl/-/rtl-0.30.0.tgz#0fbda0bc0e8a7baa6c29413fc3f9f8edda602502"

"@material/select@^0.32.0":
  version "0.32.0"
  resolved "https://registry.yarnpkg.com/@material/select/-/select-0.32.0.tgz#e65f1c33453a7c5ff1ba9a12e03d6657886651ee"
  dependencies:
    "@material/animation" "^0.25.0"
    "@material/base" "^0.29.0"
    "@material/list" "^0.32.0"
    "@material/menu" "^0.31.0"
    "@material/ripple" "^0.32.0"
    "@material/rtl" "^0.30.0"
    "@material/theme" "^0.30.0"
    "@material/typography" "^0.28.0"

"@material/selection-control@^0.32.0":
  version "0.32.0"
  resolved "https://registry.yarnpkg.com/@material/selection-control/-/selection-control-0.32.0.tgz#53df1553bfe001fcd876053d7a5e1156e2a5df6b"
  dependencies:
    "@material/ripple" "^0.32.0"

"@material/slider@^0.32.0":
  version "0.32.0"
  resolved "https://registry.yarnpkg.com/@material/slider/-/slider-0.32.0.tgz#36aa6c3f89793817f88db395b1781182d6fe2456"
  dependencies:
    "@material/animation" "^0.25.0"
    "@material/base" "^0.29.0"
    "@material/rtl" "^0.30.0"
    "@material/theme" "^0.30.0"

"@material/snackbar@^0.30.0":
  version "0.30.0"
  resolved "https://registry.yarnpkg.com/@material/snackbar/-/snackbar-0.30.0.tgz#cdf12e81a7bf38e0a68e73151f9d49ab3597b353"
  dependencies:
    "@material/animation" "^0.25.0"
    "@material/base" "^0.29.0"
    "@material/rtl" "^0.30.0"
    "@material/theme" "^0.30.0"
    "@material/typography" "^0.28.0"

"@material/switch@^0.32.0":
  version "0.32.0"
  resolved "https://registry.yarnpkg.com/@material/switch/-/switch-0.32.0.tgz#b5d5dec11584ae01e7aa5c467aded0ac2c541a97"
  dependencies:
    "@material/animation" "^0.25.0"
    "@material/elevation" "^0.28.0"
    "@material/theme" "^0.30.0"

"@material/tabs@^0.32.0":
  version "0.32.0"
  resolved "https://registry.yarnpkg.com/@material/tabs/-/tabs-0.32.0.tgz#b347a7293233b0261f0515c73d94ad9f6833937a"
  dependencies:
    "@material/animation" "^0.25.0"
    "@material/base" "^0.29.0"
    "@material/ripple" "^0.32.0"
    "@material/rtl" "^0.30.0"
    "@material/theme" "^0.30.0"
    "@material/typography" "^0.28.0"

"@material/textfield@^0.32.0":
  version "0.32.0"
  resolved "https://registry.yarnpkg.com/@material/textfield/-/textfield-0.32.0.tgz#3b623f9b9952faed2ca6131ff4b40d7fafde9137"
  dependencies:
    "@material/animation" "^0.25.0"
    "@material/base" "^0.29.0"
    "@material/floating-label" "^0.32.0"
    "@material/line-ripple" "^0.32.0"
    "@material/ripple" "^0.32.0"
    "@material/rtl" "^0.30.0"
    "@material/theme" "^0.30.0"
    "@material/typography" "^0.28.0"

"@material/theme@^0.30.0":
  version "0.30.0"
  resolved "https://registry.yarnpkg.com/@material/theme/-/theme-0.30.0.tgz#503d7fd5ac88ff70763bb277236ee7188982e5d2"

"@material/theme@^0.4.0":
  version "0.4.0"
  resolved "https://registry.yarnpkg.com/@material/theme/-/theme-0.4.0.tgz#0aef1a0279b65c15990584fb8b8eca095c734641"

"@material/toolbar@^0.32.0":
  version "0.32.0"
  resolved "https://registry.yarnpkg.com/@material/toolbar/-/toolbar-0.32.0.tgz#fbe450df85fe8d7510d064a65f8d5f9deb84e0f1"
  dependencies:
    "@material/base" "^0.29.0"
    "@material/elevation" "^0.28.0"
    "@material/ripple" "^0.32.0"
    "@material/rtl" "^0.30.0"
    "@material/theme" "^0.30.0"
    "@material/typography" "^0.28.0"

"@material/top-app-bar@^0.32.0":
  version "0.32.0"
  resolved "https://registry.yarnpkg.com/@material/top-app-bar/-/top-app-bar-0.32.0.tgz#629ece0dd8548554263e44802657f6aa1f681565"
  dependencies:
    "@material/animation" "^0.25.0"
    "@material/base" "^0.29.0"
    "@material/elevation" "^0.28.0"
    "@material/ripple" "^0.32.0"
    "@material/rtl" "^0.30.0"
    "@material/theme" "^0.30.0"
    "@material/typography" "^0.28.0"

"@material/typography@^0.1.1":
  version "0.1.1"
  resolved "https://registry.yarnpkg.com/@material/typography/-/typography-0.1.1.tgz#fb2e3437bd3284d39e9fb91485767ade6b2bd0c1"

"@material/typography@^0.28.0":
  version "0.28.0"
  resolved "https://registry.yarnpkg.com/@material/typography/-/typography-0.28.0.tgz#4ae96a852fcd324d61b649adc995326c431fcaea"

focus-trap@^2.3.0:
  version "2.4.3"
  resolved "https://registry.yarnpkg.com/focus-trap/-/focus-trap-2.4.3.tgz#95edc23e77829b7772cb2486d61fd6371ce112f9"
  dependencies:
    tabbable "^1.0.3"

material-components-web@^0.32.0:
  version "0.32.0"
  resolved "https://registry.yarnpkg.com/material-components-web/-/material-components-web-0.32.0.tgz#5fbc23716088edf2d9fb3915175782b15a598cfb"
  dependencies:
    "@material/animation" "^0.25.0"
    "@material/auto-init" "^0.32.0"
    "@material/base" "^0.29.0"
    "@material/button" "^0.32.0"
    "@material/card" "^0.32.0"
    "@material/checkbox" "^0.32.0"
    "@material/chips" "^0.32.0"
    "@material/dialog" "^0.32.0"
    "@material/drawer" "^0.30.0"
    "@material/elevation" "^0.28.0"
    "@material/fab" "^0.32.0"
    "@material/floating-label" "^0.32.0"
    "@material/form-field" "^0.32.0"
    "@material/grid-list" "^0.30.0"
    "@material/icon-toggle" "^0.32.0"
    "@material/layout-grid" "^0.24.0"
    "@material/line-ripple" "^0.32.0"
    "@material/linear-progress" "^0.30.0"
    "@material/list" "^0.32.0"
    "@material/menu" "^0.31.0"
    "@material/radio" "^0.32.0"
    "@material/ripple" "^0.32.0"
    "@material/rtl" "^0.30.0"
    "@material/select" "^0.32.0"
    "@material/selection-control" "^0.32.0"
    "@material/slider" "^0.32.0"
    "@material/snackbar" "^0.30.0"
    "@material/switch" "^0.32.0"
    "@material/tabs" "^0.32.0"
    "@material/textfield" "^0.32.0"
    "@material/theme" "^0.30.0"
    "@material/toolbar" "^0.32.0"
    "@material/top-app-bar" "^0.32.0"
    "@material/typography" "^0.28.0"

tabbable@^1.0.3:
  version "1.1.2"
  resolved "https://registry.yarnpkg.com/tabbable/-/tabbable-1.1.2.tgz#b171680aea6e0a3e9281ff23532e2e5de11c0d94"
